
Microsoft Visual Studio Solution File, Format Version 12.00
# Visual Studio Version 17
VisualStudioVersion = 17.5.002.0
MinimumVisualStudioVersion = 10.0.40219.1
Project("{9A19103F-16F7-4668-BE54-9A1E7A4F7556}") = "MonoGameEngine", "MonoGameEngine.csproj", "{C2E34F9E-CAF3-4C1D-8F00-1943599F3AF6}"
EndProject
Global
	GlobalSection(SolutionConfigurationPlatforms) = preSolution
		Debug|Any CPU = Debug|Any CPU
		Release|Any CPU = Release|Any CPU
	EndGlobalSection
	GlobalSection(ProjectConfigurationPlatforms) = postSolution
		{C2E34F9E-CAF3-4C1D-8F00-1943599F3AF6}.Debug|Any CPU.ActiveCfg = Debug|Any CPU
		{C2E34F9E-CAF3-4C1D-8F00-1943599F3AF6}.Debug|Any CPU.Build.0 = Debug|Any CPU
		{C2E34F9E-CAF3-4C1D-8F00-1943599F3AF6}.Release|Any CPU.ActiveCfg = Release|Any CPU
		{C2E34F9E-CAF3-4C1D-8F00-1943599F3AF6}.Release|Any CPU.Build.0 = Release|Any CPU
	EndGlobalSection
	GlobalSection(SolutionProperties) = preSolution
		HideSolutionNode = FALSE
	EndGlobalSection
	GlobalSection(ExtensibilityGlobals) = postSolution
		SolutionGuid = {674EF55C-7ECF-4122-845A-4353291C55D3}
	EndGlobalSection
EndGlobal
